
Microsoft Visual Studio Solution File, Format Version 12.00
# Visual Studio Version 17
VisualStudioVersion = 17.2.32630.192
MinimumVisualStudioVersion = 10.0.40219.1
Project("{FAE04EC0-301F-11D3-BF4B-00C04F79EFBC}") = "MVC_ASPNETCORE", "MVC_ASPNETCORE\MVC_ASPNETCORE.csproj", "{AF0375AC-7BA5-48A2-A629-33411E90CD05}"
EndProject
Global
	GlobalSection(SolutionConfigurationPlatforms) = preSolution
		Debug|Any CPU = Debug|Any CPU
		Release|Any CPU = Release|Any CPU
	EndGlobalSection
	GlobalSection(ProjectConfigurationPlatforms) = postSolution
		{AF0375AC-7BA5-48A2-A629-33411E90CD05}.Debug|Any CPU.ActiveCfg = Debug|Any CPU
		{AF0375AC-7BA5-48A2-A629-33411E90CD05}.Debug|Any CPU.Build.0 = Debug|Any CPU
		{AF0375AC-7BA5-48A2-A629-33411E90CD05}.Release|Any CPU.ActiveCfg = Release|Any CPU
		{AF0375AC-7BA5-48A2-A629-33411E90CD05}.Release|Any CPU.Build.0 = Release|Any CPU
	EndGlobalSection
	GlobalSection(SolutionProperties) = preSolution
		HideSolutionNode = FALSE
	EndGlobalSection
	GlobalSection(ExtensibilityGlobals) = postSolution
		SolutionGuid = {2C1AECAB-8043-4B41-8C2E-A1094C4B0022}
	EndGlobalSection
EndGlobal
